// !$*UTF8*$!
{
	archiveVersion = 1;
	classes = {
	};
	objectVersion = 46;
	objects = {

/* Begin PBXBuildFile section */
		AEDAA4FA21FBA2B2009DB345 /* AppDelegate.swift in Sources */ = {isa = PBXBuildFile; fileRef = AEDAA4F921FBA2B2009DB345 /* AppDelegate.swift */; };
		AEDAA4FC21FBA2B2009DB345 /* ViewController.swift in Sources */ = {isa = PBXBuildFile; fileRef = AEDAA4FB21FBA2B2009DB345 /* ViewController.swift */; };
		AEDAA4FF21FBA2B2009DB345 /* Main.storyboard in Resources */ = {isa = PBXBuildFile; fileRef = AEDAA4FD21FBA2B2009DB345 /* Main.storyboard */; };
		AEDAA50121FBA2B2009DB345 /* Assets.xcassets in Resources */ = {isa = PBXBuildFile; fileRef = AEDAA50021FBA2B2009DB345 /* Assets.xcassets */; };
		AEDAA50421FBA2B2009DB345 /* LaunchScreen.storyboard in Resources */ = {isa = PBXBuildFile; fileRef = AEDAA50221FBA2B2009DB345 /* LaunchScreen.storyboard */; };
/* End PBXBuildFile section */

/* Begin PBXFileReference section */
		AEDAA4F621FBA2B2009DB345 /* cs441-hello-world.app */ = {isa = PBXFileReference; explicitFileType = wrapper.application; includeInIndex = 0; path = "cs441-hello-world.app"; sourceTree = BUILT_PRODUCTS_DIR; };
		AEDAA4F921FBA2B2009DB345 /* AppDelegate.swift */ = {isa = PBXFileReference; lastKnownFileType = sourcecode.swift; path = AppDelegate.swift; sourceTree = "<group>"; };
		AEDAA4FB21FBA2B2009DB345 /* ViewController.swift */ = {isa = PBXFileReference; lastKnownFileType = sourcecode.swift; path = ViewController.swift; sourceTree = "<group>"; };
		AEDAA4FE21FBA2B2009DB345 /* Base */ = {isa = PBXFileReference; lastKnownFileType = file.storyboard; name = Base; path = Base.lproj/Main.storyboard; sourceTree = "<group>"; };
		AEDAA50021FBA2B2009DB345 /* Assets.xcassets */ = {isa = PBXFileReference; lastKnownFileType = folder.assetcatalog; path = Assets.xcassets; sourceTree = "<group>"; };
		AEDAA50321FBA2B2009DB345 /* Base */ = {isa = PBXFileReference; lastKnownFileType = file.storyboard; name = Base; path = Base.lproj/LaunchScreen.storyboard; sourceTree = "<group>"; };
		AEDAA50521FBA2B3009DB345 /* Info.plist */ = {isa = PBXFileReference; lastKnownFileType = text.plist.xml; path = Info.plist; sourceTree = "<group>"; };
/* End PBXFileReference section */

/* Begin PBXFrameworksBuildPhase section */
		AEDAA4F321FBA2B2009DB345 /* Frameworks */ = {
			isa = PBXFrameworksBuildPhase;
			buildActionMask = 2147483647;
			files = (
			);
			runOnlyForDeploymentPostprocessing = 0;
		};
/* End PBXFrameworksBuildPhase section */

/* Begin PBXGroup section */
		AEDAA4ED21FBA2B2009DB345 = {
			isa = PBXGroup;
			children = (
				AEDAA4F821FBA2B2009DB345 /* cs441-hello-world */,
				AEDAA4F721FBA2B2009DB345 /* Products */,
			);
			sourceTree = "<group>";
		};
		AEDAA4F721FBA2B2009DB345 /* Products */ = {
			isa = PBXGroup;
			children = (
				AEDAA4F621FBA2B2009DB345 /* cs441-hello-world.app */,
			);
			name = Products;
			sourceTree = "<group>";
		};
		AEDAA4F821FBA2B2009DB345 /* cs441-hello-world */ = {
			isa = PBXGroup;
			children = (
				AEDAA4F921FBA2B2009DB345 /* AppDelegate.swift */,
				AEDAA4FB21FBA2B2009DB345 /* ViewController.swift */,
				AEDAA4FD21FBA2B2009DB345 /* Main.storyboard */,
				AEDAA50021FBA2B2009DB345 /* Assets.xcassets */,
				AEDAA50221FBA2B2009DB345 /* LaunchScreen.storyboard */,
				AEDAA50521FBA2B3009DB345 /* Info.plist */,
			);
			path = "cs441-hello-world";
			sourceTree = "<group>";
		};
/* End PBXGroup section */

/* Begin PBXNativeTarget section */
		AEDAA4F521FBA2B2009DB345 /* cs441-hello-world */ = {
			isa = PBXNativeTarget;
			buildConfigurationList = AEDAA50821FBA2B3009DB345 /* Build configuration list for PBXNativeTarget "cs441-hello-world" */;
			buildPhases = (
				AEDAA4F221FBA2B2009DB345 /* Sources */,
				AEDAA4F321FBA2B2009DB345 /* Frameworks */,
				AEDAA4F421FBA2B2009DB345 /* Resources */,
			);
			buildRules = (
			);
			dependencies = (
			);
			name = "cs441-hello-world";
			productName = "cs441-hello-world";
			productReference = AEDAA4F621FBA2B2009DB345 /* cs441-hello-world.app */;
			productType = "com.apple.product-type.application";
		};
/* End PBXNativeTarget section */

/* Begin PBXProject section */
		AEDAA4EE21FBA2B2009DB345 /* Project object */ = {
			isa = PBXProject;
			attributes = {
				LastSwiftUpdateCheck = 0820;
				LastUpgradeCheck = 0820;
				ORGANIZATIONNAME = "Garrett Vanderlinden";
				TargetAttributes = {
					AEDAA4F521FBA2B2009DB345 = {
						CreatedOnToolsVersion = 8.2.1;
						ProvisioningStyle = Automatic;
					};
				};
			};
			buildConfigurationList = AEDAA4F121FBA2B2009DB345 /* Build configuration list for PBXProject "cs441-hello-world" */;
			compatibilityVersion = "Xcode 3.2";
			developmentRegion = English;
			hasScannedForEncodings = 0;
			knownRegions = (
				en,
				Base,
			);
			mainGroup = AEDAA4ED21FBA2B2009DB345;
			productRefGroup = AEDAA4F721FBA2B2009DB345 /* Products */;
			projectDirPath = "";
			projectRoot = "";
			targets = (
				AEDAA4F521FBA2B2009DB345 /* cs441-hello-world */,
			);
		};
/* End PBXProject section */

/* Begin PBXResourcesBuildPhase section */
		AEDAA4F421FBA2B2009DB345 /* Resources */ = {
			isa = PBXResourcesBuildPhase;
			buildActionMask = 2147483647;
			files = (
				AEDAA50421FBA2B2009DB345 /* LaunchScreen.storyboard in Resources */,
				AEDAA50121FBA2B2009DB345 /* Assets.xcassets in Resources */,
				AEDAA4FF21FBA2B2009DB345 /* Main.storyboard in Resources */,
			);
			runOnlyForDeploymentPostprocessing = 0;
		};
/* End PBXResourcesBuildPhase section */

/* Begin PBXSourcesBuildPhase section */
		AEDAA4F221FBA2B2009DB345 /* Sources */ = {
			isa = PBXSourcesBuildPhase;
			buildActionMask = 2147483647;
			files = (
				AEDAA4FC21FBA2B2009DB345 /* ViewController.swift in Sources */,
				AEDAA4FA21FBA2B2009DB345 /* AppDelegate.swift in Sources */,
			);
			runOnlyForDeploymentPostprocessing = 0;
		};
/* End PBXSourcesBuildPhase section */

/* Begin PBXVariantGroup section */
		AEDAA4FD21FBA2B2009DB345 /* Main.storyboard */ = {
			isa = PBXVariantGroup;
			children = (
				AEDAA4FE21FBA2B2009DB345 /* Base */,
			);
			name = Main.storyboard;
			sourceTree = "<group>";
		};
		AEDAA50221FBA2B2009DB345 /* LaunchScreen.storyboard */ = {
			isa = PBXVariantGroup;
			children = (
				AEDAA50321FBA2B2009DB345 /* Base */,
			);
			name = LaunchScreen.storyboard;
			sourceTree = "<group>";
		};
/* End PBXVariantGroup section */

/* Begin XCBuildConfiguration section */
		AEDAA50621FBA2B3009DB345 /* Debug */ = {
			isa = XCBuildConfiguration;
			buildSettings = {
				ALWAYS_SEARCH_USER_PATHS = NO;
				CLANG_ANALYZER_NONNULL = YES;
				CLANG_CXX_LANGUAGE_STANDARD = "gnu++0x";
				CLANG_CXX_LIBRARY = "libc++";
				CLANG_ENABLE_MODULES = YES;
				CLANG_ENABLE_OBJC_ARC = YES;
				CLANG_WARN_BOOL_CONVERSION = YES;
				CLANG_WARN_CONSTANT_CONVERSION = YES;
				CLANG_WARN_DIRECT_OBJC_ISA_USAGE = YES_ERROR;
				CLANG_WARN_DOCUMENTATION_COMMENTS = YES;
				CLANG_WARN_EMPTY_BODY = YES;
				CLANG_WARN_ENUM_CONVERSION = YES;
				CLANG_WARN_INFINITE_RECURSION = YES;
				CLANG_WARN_INT_CONVERSION = YES;
				CLANG_WARN_OBJC_ROOT_CLASS = YES_ERROR;
				CLANG_WARN_SUSPICIOUS_MOVE = YES;
				CLANG_WARN_UNREACHABLE_CODE = YES;
				CLANG_WARN__DUPLICATE_METHOD_MATCH = YES;
				"CODE_SIGN_IDENTITY[sdk=iphoneos*]" = "iPhone Developer";
				COPY_PHASE_STRIP = NO;
				DEBUG_INFORMATION_FORMAT = dwarf;
				ENABLE_STRICT_OBJC_MSGSEND = YES;
				ENABLE_TESTABILITY = YES;
				GCC_C_LANGUAGE_STANDARD = gnu99;
				GCC_DYNAMIC_NO_PIC = NO;
				GCC_NO_COMMON_BLOCKS = YES;
				GCC_OPTIMIZATION_LEVEL = 0;
				GCC_PREPROCESSOR_DEFINITIONS = (
					"DEBUG=1",
					"$(inherited)",
				);
				GCC_WARN_64_TO_32_BIT_CONVERSION = YES;
				GCC_WARN_ABOUT_RETURN_TYPE = YES_ERROR;
				GCC_WARN_UNDECLARED_SELECTOR = YES;
				GCC_WARN_UNINITIALIZED_AUTOS = YES_AGGRESSIVE;
				GCC_WARN_UNUSED_FUNCTION = YES;
				GCC_WARN_UNUSED_VARIABLE = YES;
				IPHONEOS_DEPLOYMENT_TARGET = 10.2;
				MTL_ENABLE_DEBUG_INFO = YES;
				ONLY_ACTIVE_ARCH = YES;
				SDKROOT = iphoneos;
				SWIFT_ACTIVE_COMPILATION_CONDITIONS = DEBUG;
				SWIFT_OPTIMIZATION_LEVEL = "-Onone";
				TARGETED_DEVICE_FAMILY = "1,2";
			};
			name = Debug;
		};
		AEDAA50721FBA2B3009DB345 /* Release */ = {
			isa = XCBuildConfiguration;
			buildSettings = {
				ALWAYS_SEARCH_USER_PATHS = NO;
				CLANG_ANALYZER_NONNULL = YES;
				CLANG_CXX_LANGUAGE_STANDARD = "gnu++0x";
				CLANG_CXX_LIBRARY = "libc++";
				CLANG_ENABLE_MODULES = YES;
				CLANG_ENABLE_OBJC_ARC = YES;
				CLANG_WARN_BOOL_CONVERSION = YES;
				CLANG_WARN_CONSTANT_CONVERSION = YES;
				CLANG_WARN_DIRECT_OBJC_ISA_USAGE = YES_ERROR;
				CLANG_WARN_DOCUMENTATION_COMMENTS = YES;
				CLANG_WARN_EMPTY_BODY = YES;
				CLANG_WARN_ENUM_CONVERSION = YES;
				CLANG_WARN_INFINITE_RECURSION = YES;
				CLANG_WARN_INT_CONVERSION = YES;
				CLANG_WARN_OBJC_ROOT_CLASS = YES_ERROR;
				CLANG_WARN_SUSPICIOUS_MOVE = YES;
				CLANG_WARN_UNREACHABLE_CODE = YES;
				CLANG_WARN__DUPLICATE_METHOD_MATCH = YES;
				"CODE_SIGN_IDENTITY[sdk=iphoneos*]" = "iPhone Developer";
				COPY_PHASE_STRIP = NO;
				DEBUG_INFORMATION_FORMAT = "dwarf-with-dsym";
				ENABLE_NS_ASSERTIONS = NO;
				ENABLE_STRICT_OBJC_MSGSEND = YES;
				GCC_C_LANGUAGE_STANDARD = gnu99;
				GCC_NO_COMMON_BLOCKS = YES;
				GCC_WARN_64_TO_32_BIT_CONVERSION = YES;
				GCC_WARN_ABOUT_RETURN_TYPE = YES_ERROR;
				GCC_WARN_UNDECLARED_SELECTOR = YES;
				GCC_WARN_UNINITIALIZED_AUTOS = YES_AGGRESSIVE;
				GCC_WARN_UNUSED_FUNCTION = YES;
				GCC_WARN_UNUSED_VARIABLE = YES;
				IPHONEOS_DEPLOYMENT_TARGET = 10.2;
				MTL_ENABLE_DEBUG_INFO = NO;
				SDKROOT = iphoneos;
				SWIFT_OPTIMIZATION_LEVEL = "-Owholemodule";
				TARGETED_DEVICE_FAMILY = "1,2";
				VALIDATE_PRODUCT = YES;
			};
			name = Release;
		};
		AEDAA50921FBA2B3009DB345 /* Debug */ = {
			isa = XCBuildConfiguration;
			buildSettings = {
				ASSETCATALOG_COMPILER_APPICON_NAME = AppIcon;
				INFOPLIST_FILE = "cs441-hello-world/Info.plist";
				LD_RUNPATH_SEARCH_PATHS = "$(inherited) @executable_path/Frameworks";
				PRODUCT_BUNDLE_IDENTIFIER = "GartDev.cs441-hello-world";
				PRODUCT_NAME = "$(TARGET_NAME)";
				SWIFT_VERSION = 3.0;
			};
			name = Debug;
		};
		AEDAA50A21FBA2B3009DB345 /* Release */ = {
			isa = XCBuildConfiguration;
			buildSettings = {
				ASSETCATALOG_COMPILER_APPICON_NAME = AppIcon;
				INFOPLIST_FILE = "cs441-hello-world/Info.plist";
				LD_RUNPATH_SEARCH_PATHS = "$(inherited) @executable_path/Frameworks";
				PRODUCT_BUNDLE_IDENTIFIER = "GartDev.cs441-hello-world";
				PRODUCT_NAME = "$(TARGET_NAME)";
				SWIFT_VERSION = 3.0;
			};
			name = Release;
		};
/* End XCBuildConfiguration section */

/* Begin XCConfigurationList section */
		AEDAA4F121FBA2B2009DB345 /* Build configuration list for PBXProject "cs441-hello-world" */ = {
			isa = XCConfigurationList;
			buildConfigurations = (
				AEDAA50621FBA2B3009DB345 /* Debug */,
				AEDAA50721FBA2B3009DB345 /* Release */,
			);
			defaultConfigurationIsVisible = 0;
			defaultConfigurationName = Release;
		};
		AEDAA50821FBA2B3009DB345 /* Build configuration list for PBXNativeTarget "cs441-hello-world" */ = {
			isa = XCConfigurationList;
			buildConfigurations = (
				AEDAA50921FBA2B3009DB345 /* Debug */,
				AEDAA50A21FBA2B3009DB345 /* Release */,
			);
			defaultConfigurationIsVisible = 0;
		};
/* End XCConfigurationList section */
	};
	rootObject = AEDAA4EE21FBA2B2009DB345 /* Project object */;
}
